
Microsoft Visual Studio Solution File, Format Version 12.00
# Visual Studio 15
VisualStudioVersion = 15.0.28307.489
MinimumVisualStudioVersion = 10.0.40219.1
Project("{9A19103F-16F7-4668-BE54-9A1E7A4F7556}") = "FunctionApp", "FunctionApp2\FunctionApp.csproj", "{F5ABC93D-B58E-4C8C-9D4A-B3F0707E64AE}"
EndProject
Global
	GlobalSection(SolutionConfigurationPlatforms) = preSolution
		Debug|Any CPU = Debug|Any CPU
		Release|Any CPU = Release|Any CPU
	EndGlobalSection
	GlobalSection(ProjectConfigurationPlatforms) = postSolution
		{F5ABC93D-B58E-4C8C-9D4A-B3F0707E64AE}.Debug|Any CPU.ActiveCfg = Debug|Any CPU
		{F5ABC93D-B58E-4C8C-9D4A-B3F0707E64AE}.Debug|Any CPU.Build.0 = Debug|Any CPU
		{F5ABC93D-B58E-4C8C-9D4A-B3F0707E64AE}.Release|Any CPU.ActiveCfg = Release|Any CPU
		{F5ABC93D-B58E-4C8C-9D4A-B3F0707E64AE}.Release|Any CPU.Build.0 = Release|Any CPU
	EndGlobalSection
	GlobalSection(SolutionProperties) = preSolution
		HideSolutionNode = FALSE
	EndGlobalSection
	GlobalSection(ExtensibilityGlobals) = postSolution
		SolutionGuid = {7B47F31E-BE2E-4A70-B210-65D3942B4B57}
	EndGlobalSection
EndGlobal
